{
	"name": "changelog-updater",
	"version": "0.1.0",
	"lockfileVersion": 1,
	"requires": true,
	"dependencies": {
		"prettier": {
			"version": "1.9.1",
			"resolved": "https://registry.npmjs.org/prettier/-/prettier-1.9.1.tgz",
			"integrity": "sha512-oYpQsZk7/0o8+YJUB0LfjkTYQa79gUIF2ESeqvG23IzcgqqvmeOE4+lMG7E/UKX3q3RIj8JHSfhrXWhon1L+zA==",
			"dev": true
		}
	}
}
